// !$*UTF8*$!
{
	archiveVersion = 1;
	classes = {
	};
	objectVersion = 55;
	objects = {

/* Begin PBXBuildFile section */
		02087F9A27E762A30027B8B8 /* CoinTrackerApp.swift in Sources */ = {isa = PBXBuildFile; fileRef = 02087F8A27E762A00027B8B8 /* CoinTrackerApp.swift */; };
		02087F9B27E762A30027B8B8 /* CoinTrackerApp.swift in Sources */ = {isa = PBXBuildFile; fileRef = 02087F8A27E762A00027B8B8 /* CoinTrackerApp.swift */; };
		02087F9C27E762A30027B8B8 /* ContentView.swift in Sources */ = {isa = PBXBuildFile; fileRef = 02087F8B27E762A00027B8B8 /* ContentView.swift */; };
		02087F9D27E762A30027B8B8 /* ContentView.swift in Sources */ = {isa = PBXBuildFile; fileRef = 02087F8B27E762A00027B8B8 /* ContentView.swift */; };
		02087F9E27E762A30027B8B8 /* Assets.xcassets in Resources */ = {isa = PBXBuildFile; fileRef = 02087F8C27E762A30027B8B8 /* Assets.xcassets */; };
		02087F9F27E762A30027B8B8 /* Assets.xcassets in Resources */ = {isa = PBXBuildFile; fileRef = 02087F8C27E762A30027B8B8 /* Assets.xcassets */; };
		02087FD627E76D200027B8B8 /* CoinVM.swift in Sources */ = {isa = PBXBuildFile; fileRef = 02087FD527E76D200027B8B8 /* CoinVM.swift */; };
		02087FD727E76D200027B8B8 /* CoinVM.swift in Sources */ = {isa = PBXBuildFile; fileRef = 02087FD527E76D200027B8B8 /* CoinVM.swift */; };
		020883DB27E78AA80027B8B8 /* Coin.swift in Sources */ = {isa = PBXBuildFile; fileRef = 020883DA27E78AA80027B8B8 /* Coin.swift */; };
		020883DC27E78AA80027B8B8 /* Coin.swift in Sources */ = {isa = PBXBuildFile; fileRef = 020883DA27E78AA80027B8B8 /* Coin.swift */; };
		0281D87027F0788600CDC3C1 /* WidgetKit.framework in Frameworks */ = {isa = PBXBuildFile; fileRef = 0281D86F27F0788600CDC3C1 /* WidgetKit.framework */; };
		0281D87227F0788600CDC3C1 /* SwiftUI.framework in Frameworks */ = {isa = PBXBuildFile; fileRef = 0281D87127F0788600CDC3C1 /* SwiftUI.framework */; };
		0281D87527F0788600CDC3C1 /* CurrentPriceWidget.swift in Sources */ = {isa = PBXBuildFile; fileRef = 0281D87427F0788600CDC3C1 /* CurrentPriceWidget.swift */; };
		0281D87A27F0788800CDC3C1 /* CurrentPriceWidget.intentdefinition in Sources */ = {isa = PBXBuildFile; fileRef = 0281D87627F0788600CDC3C1 /* CurrentPriceWidget.intentdefinition */; };
		0281D87B27F0788800CDC3C1 /* CurrentPriceWidget.intentdefinition in Sources */ = {isa = PBXBuildFile; fileRef = 0281D87627F0788600CDC3C1 /* CurrentPriceWidget.intentdefinition */; };
		0281D87E27F0788800CDC3C1 /* CurrentPriceWidgetExtension.appex in Embed App Extensions */ = {isa = PBXBuildFile; fileRef = 0281D86D27F0788600CDC3C1 /* CurrentPriceWidgetExtension.appex */; settings = {ATTRIBUTES = (RemoveHeadersOnCopy, ); }; };
		0281D88427F078BE00CDC3C1 /* Coin.swift in Sources */ = {isa = PBXBuildFile; fileRef = 020883DA27E78AA80027B8B8 /* Coin.swift */; };
		0281D88527F0813C00CDC3C1 /* Assets.xcassets in Resources */ = {isa = PBXBuildFile; fileRef = 02087F8C27E762A30027B8B8 /* Assets.xcassets */; };
/* End PBXBuildFile section */

/* Begin PBXContainerItemProxy section */
		0281D87C27F0788800CDC3C1 /* PBXContainerItemProxy */ = {
			isa = PBXContainerItemProxy;
			containerPortal = 02087F8527E762A00027B8B8 /* Project object */;
			proxyType = 1;
			remoteGlobalIDString = 0281D86C27F0788600CDC3C1;
			remoteInfo = CurrentPriceWidgetExtension;
		};
/* End PBXContainerItemProxy section */

/* Begin PBXCopyFilesBuildPhase section */
		0281D87F27F0788800CDC3C1 /* Embed App Extensions */ = {
			isa = PBXCopyFilesBuildPhase;
			buildActionMask = 2147483647;
			dstPath = "";
			dstSubfolderSpec = 13;
			files = (
				0281D87E27F0788800CDC3C1 /* CurrentPriceWidgetExtension.appex in Embed App Extensions */,
			);
			name = "Embed App Extensions";
			runOnlyForDeploymentPostprocessing = 0;
		};
/* End PBXCopyFilesBuildPhase section */

/* Begin PBXFileReference section */
		02087F8A27E762A00027B8B8 /* CoinTrackerApp.swift */ = {isa = PBXFileReference; lastKnownFileType = sourcecode.swift; path = CoinTrackerApp.swift; sourceTree = "<group>"; };
		02087F8B27E762A00027B8B8 /* ContentView.swift */ = {isa = PBXFileReference; lastKnownFileType = sourcecode.swift; path = ContentView.swift; sourceTree = "<group>"; };
		02087F8C27E762A30027B8B8 /* Assets.xcassets */ = {isa = PBXFileReference; lastKnownFileType = folder.assetcatalog; path = Assets.xcassets; sourceTree = "<group>"; };
		02087F9127E762A30027B8B8 /* $APE.app */ = {isa = PBXFileReference; explicitFileType = wrapper.application; includeInIndex = 0; path = $APE.app; sourceTree = BUILT_PRODUCTS_DIR; };
		02087F9727E762A30027B8B8 /* CoinTracker.app */ = {isa = PBXFileReference; explicitFileType = wrapper.application; includeInIndex = 0; path = CoinTracker.app; sourceTree = BUILT_PRODUCTS_DIR; };
		02087F9927E762A30027B8B8 /* macOS.entitlements */ = {isa = PBXFileReference; lastKnownFileType = text.plist.entitlements; path = macOS.entitlements; sourceTree = "<group>"; };
		02087FD527E76D200027B8B8 /* CoinVM.swift */ = {isa = PBXFileReference; lastKnownFileType = sourcecode.swift; path = CoinVM.swift; sourceTree = "<group>"; };
		020883DA27E78AA80027B8B8 /* Coin.swift */ = {isa = PBXFileReference; lastKnownFileType = sourcecode.swift; path = Coin.swift; sourceTree = "<group>"; };
		0281D86D27F0788600CDC3C1 /* CurrentPriceWidgetExtension.appex */ = {isa = PBXFileReference; explicitFileType = "wrapper.app-extension"; includeInIndex = 0; path = CurrentPriceWidgetExtension.appex; sourceTree = BUILT_PRODUCTS_DIR; };
		0281D86F27F0788600CDC3C1 /* WidgetKit.framework */ = {isa = PBXFileReference; lastKnownFileType = wrapper.framework; name = WidgetKit.framework; path = System/Library/Frameworks/WidgetKit.framework; sourceTree = SDKROOT; };
		0281D87127F0788600CDC3C1 /* SwiftUI.framework */ = {isa = PBXFileReference; lastKnownFileType = wrapper.framework; name = SwiftUI.framework; path = System/Library/Frameworks/SwiftUI.framework; sourceTree = SDKROOT; };
		0281D87427F0788600CDC3C1 /* CurrentPriceWidget.swift */ = {isa = PBXFileReference; lastKnownFileType = sourcecode.swift; path = CurrentPriceWidget.swift; sourceTree = "<group>"; };
		0281D87627F0788600CDC3C1 /* CurrentPriceWidget.intentdefinition */ = {isa = PBXFileReference; lastKnownFileType = file.intentdefinition; path = CurrentPriceWidget.intentdefinition; sourceTree = "<group>"; };
		0281D87927F0788800CDC3C1 /* Info.plist */ = {isa = PBXFileReference; lastKnownFileType = text.plist.xml; path = Info.plist; sourceTree = "<group>"; };
/* End PBXFileReference section */

/* Begin PBXFrameworksBuildPhase section */
		02087F8E27E762A30027B8B8 /* Frameworks */ = {
			isa = PBXFrameworksBuildPhase;
			buildActionMask = 2147483647;
			files = (
			);
			runOnlyForDeploymentPostprocessing = 0;
		};
		02087F9427E762A30027B8B8 /* Frameworks */ = {
			isa = PBXFrameworksBuildPhase;
			buildActionMask = 2147483647;
			files = (
			);
			runOnlyForDeploymentPostprocessing = 0;
		};
		0281D86A27F0788600CDC3C1 /* Frameworks */ = {
			isa = PBXFrameworksBuildPhase;
			buildActionMask = 2147483647;
			files = (
				0281D87227F0788600CDC3C1 /* SwiftUI.framework in Frameworks */,
				0281D87027F0788600CDC3C1 /* WidgetKit.framework in Frameworks */,
			);
			runOnlyForDeploymentPostprocessing = 0;
		};
/* End PBXFrameworksBuildPhase section */

/* Begin PBXGroup section */
		02087F8427E762A00027B8B8 = {
			isa = PBXGroup;
			children = (
				02087F8927E762A00027B8B8 /* Shared */,
				02087F9827E762A30027B8B8 /* macOS */,
				0281D87327F0788600CDC3C1 /* CurrentPriceWidget */,
				0281D86E27F0788600CDC3C1 /* Frameworks */,
				02087F9227E762A30027B8B8 /* Products */,
			);
			sourceTree = "<group>";
		};
		02087F8927E762A00027B8B8 /* Shared */ = {
			isa = PBXGroup;
			children = (
				02087FAA27E7649C0027B8B8 /* App */,
				020883E027E791310027B8B8 /* Models */,
				02087FA827E764850027B8B8 /* ViewModels */,
				02087FA927E764900027B8B8 /* Views */,
				02087F8C27E762A30027B8B8 /* Assets.xcassets */,
			);
			path = Shared;
			sourceTree = "<group>";
		};
		02087F9227E762A30027B8B8 /* Products */ = {
			isa = PBXGroup;
			children = (
				02087F9127E762A30027B8B8 /* $APE.app */,
				02087F9727E762A30027B8B8 /* CoinTracker.app */,
				0281D86D27F0788600CDC3C1 /* CurrentPriceWidgetExtension.appex */,
			);
			name = Products;
			sourceTree = "<group>";
		};
		02087F9827E762A30027B8B8 /* macOS */ = {
			isa = PBXGroup;
			children = (
				02087F9927E762A30027B8B8 /* macOS.entitlements */,
			);
			path = macOS;
			sourceTree = "<group>";
		};
		02087FA827E764850027B8B8 /* ViewModels */ = {
			isa = PBXGroup;
			children = (
				02087FD527E76D200027B8B8 /* CoinVM.swift */,
			);
			path = ViewModels;
			sourceTree = "<group>";
		};
		02087FA927E764900027B8B8 /* Views */ = {
			isa = PBXGroup;
			children = (
				02087F8B27E762A00027B8B8 /* ContentView.swift */,
			);
			path = Views;
			sourceTree = "<group>";
		};
		02087FAA27E7649C0027B8B8 /* App */ = {
			isa = PBXGroup;
			children = (
				02087F8A27E762A00027B8B8 /* CoinTrackerApp.swift */,
			);
			path = App;
			sourceTree = "<group>";
		};
		020883E027E791310027B8B8 /* Models */ = {
			isa = PBXGroup;
			children = (
				020883DA27E78AA80027B8B8 /* Coin.swift */,
			);
			path = Models;
			sourceTree = "<group>";
		};
		0281D86E27F0788600CDC3C1 /* Frameworks */ = {
			isa = PBXGroup;
			children = (
				0281D86F27F0788600CDC3C1 /* WidgetKit.framework */,
				0281D87127F0788600CDC3C1 /* SwiftUI.framework */,
			);
			name = Frameworks;
			sourceTree = "<group>";
		};
		0281D87327F0788600CDC3C1 /* CurrentPriceWidget */ = {
			isa = PBXGroup;
			children = (
				0281D87427F0788600CDC3C1 /* CurrentPriceWidget.swift */,
				0281D87627F0788600CDC3C1 /* CurrentPriceWidget.intentdefinition */,
				0281D87927F0788800CDC3C1 /* Info.plist */,
			);
			path = CurrentPriceWidget;
			sourceTree = "<group>";
		};
/* End PBXGroup section */

/* Begin PBXNativeTarget section */
		02087F9027E762A30027B8B8 /* CoinTracker (iOS) */ = {
			isa = PBXNativeTarget;
			buildConfigurationList = 02087FA227E762A30027B8B8 /* Build configuration list for PBXNativeTarget "CoinTracker (iOS)" */;
			buildPhases = (
				02087F8D27E762A30027B8B8 /* Sources */,
				02087F8E27E762A30027B8B8 /* Frameworks */,
				02087F8F27E762A30027B8B8 /* Resources */,
				0281D87F27F0788800CDC3C1 /* Embed App Extensions */,
			);
			buildRules = (
			);
			dependencies = (
				0281D87D27F0788800CDC3C1 /* PBXTargetDependency */,
			);
			name = "CoinTracker (iOS)";
			productName = "CoinTracker (iOS)";
			productReference = 02087F9127E762A30027B8B8 /* $APE.app */;
			productType = "com.apple.product-type.application";
		};
		02087F9627E762A30027B8B8 /* CoinTracker (macOS) */ = {
			isa = PBXNativeTarget;
			buildConfigurationList = 02087FA527E762A30027B8B8 /* Build configuration list for PBXNativeTarget "CoinTracker (macOS)" */;
			buildPhases = (
				02087F9327E762A30027B8B8 /* Sources */,
				02087F9427E762A30027B8B8 /* Frameworks */,
				02087F9527E762A30027B8B8 /* Resources */,
			);
			buildRules = (
			);
			dependencies = (
			);
			name = "CoinTracker (macOS)";
			productName = "CoinTracker (macOS)";
			productReference = 02087F9727E762A30027B8B8 /* CoinTracker.app */;
			productType = "com.apple.product-type.application";
		};
		0281D86C27F0788600CDC3C1 /* CurrentPriceWidgetExtension */ = {
			isa = PBXNativeTarget;
			buildConfigurationList = 0281D88227F0788800CDC3C1 /* Build configuration list for PBXNativeTarget "CurrentPriceWidgetExtension" */;
			buildPhases = (
				0281D86927F0788600CDC3C1 /* Sources */,
				0281D86A27F0788600CDC3C1 /* Frameworks */,
				0281D86B27F0788600CDC3C1 /* Resources */,
			);
			buildRules = (
			);
			dependencies = (
			);
			name = CurrentPriceWidgetExtension;
			productName = CurrentPriceWidgetExtension;
			productReference = 0281D86D27F0788600CDC3C1 /* CurrentPriceWidgetExtension.appex */;
			productType = "com.apple.product-type.app-extension";
		};
/* End PBXNativeTarget section */

/* Begin PBXProject section */
		02087F8527E762A00027B8B8 /* Project object */ = {
			isa = PBXProject;
			attributes = {
				BuildIndependentTargetsInParallel = 1;
				LastSwiftUpdateCheck = 1330;
				LastUpgradeCheck = 1330;
				TargetAttributes = {
					02087F9027E762A30027B8B8 = {
						CreatedOnToolsVersion = 13.3;
					};
					02087F9627E762A30027B8B8 = {
						CreatedOnToolsVersion = 13.3;
					};
					0281D86C27F0788600CDC3C1 = {
						CreatedOnToolsVersion = 13.3;
					};
				};
			};
			buildConfigurationList = 02087F8827E762A00027B8B8 /* Build configuration list for PBXProject "ApeTracker" */;
			compatibilityVersion = "Xcode 13.0";
			developmentRegion = en;
			hasScannedForEncodings = 0;
			knownRegions = (
				en,
				Base,
			);
			mainGroup = 02087F8427E762A00027B8B8;
			productRefGroup = 02087F9227E762A30027B8B8 /* Products */;
			projectDirPath = "";
			projectRoot = "";
			targets = (
				02087F9027E762A30027B8B8 /* CoinTracker (iOS) */,
				02087F9627E762A30027B8B8 /* CoinTracker (macOS) */,
				0281D86C27F0788600CDC3C1 /* CurrentPriceWidgetExtension */,
			);
		};
/* End PBXProject section */

/* Begin PBXResourcesBuildPhase section */
		02087F8F27E762A30027B8B8 /* Resources */ = {
			isa = PBXResourcesBuildPhase;
			buildActionMask = 2147483647;
			files = (
				02087F9E27E762A30027B8B8 /* Assets.xcassets in Resources */,
			);
			runOnlyForDeploymentPostprocessing = 0;
		};
		02087F9527E762A30027B8B8 /* Resources */ = {
			isa = PBXResourcesBuildPhase;
			buildActionMask = 2147483647;
			files = (
				02087F9F27E762A30027B8B8 /* Assets.xcassets in Resources */,
			);
			runOnlyForDeploymentPostprocessing = 0;
		};
		0281D86B27F0788600CDC3C1 /* Resources */ = {
			isa = PBXResourcesBuildPhase;
			buildActionMask = 2147483647;
			files = (
				0281D88527F0813C00CDC3C1 /* Assets.xcassets in Resources */,
			);
			runOnlyForDeploymentPostprocessing = 0;
		};
/* End PBXResourcesBuildPhase section */

/* Begin PBXSourcesBuildPhase section */
		02087F8D27E762A30027B8B8 /* Sources */ = {
			isa = PBXSourcesBuildPhase;
			buildActionMask = 2147483647;
			files = (
				02087F9C27E762A30027B8B8 /* ContentView.swift in Sources */,
				02087FD627E76D200027B8B8 /* CoinVM.swift in Sources */,
				020883DB27E78AA80027B8B8 /* Coin.swift in Sources */,
				02087F9A27E762A30027B8B8 /* CoinTrackerApp.swift in Sources */,
				0281D87B27F0788800CDC3C1 /* CurrentPriceWidget.intentdefinition in Sources */,
			);
			runOnlyForDeploymentPostprocessing = 0;
		};
		02087F9327E762A30027B8B8 /* Sources */ = {
			isa = PBXSourcesBuildPhase;
			buildActionMask = 2147483647;
			files = (
				02087F9D27E762A30027B8B8 /* ContentView.swift in Sources */,
				02087FD727E76D200027B8B8 /* CoinVM.swift in Sources */,
				020883DC27E78AA80027B8B8 /* Coin.swift in Sources */,
				02087F9B27E762A30027B8B8 /* CoinTrackerApp.swift in Sources */,
			);
			runOnlyForDeploymentPostprocessing = 0;
		};
		0281D86927F0788600CDC3C1 /* Sources */ = {
			isa = PBXSourcesBuildPhase;
			buildActionMask = 2147483647;
			files = (
				0281D87A27F0788800CDC3C1 /* CurrentPriceWidget.intentdefinition in Sources */,
				0281D88427F078BE00CDC3C1 /* Coin.swift in Sources */,
				0281D87527F0788600CDC3C1 /* CurrentPriceWidget.swift in Sources */,
			);
			runOnlyForDeploymentPostprocessing = 0;
		};
/* End PBXSourcesBuildPhase section */

/* Begin PBXTargetDependency section */
		0281D87D27F0788800CDC3C1 /* PBXTargetDependency */ = {
			isa = PBXTargetDependency;
			target = 0281D86C27F0788600CDC3C1 /* CurrentPriceWidgetExtension */;
			targetProxy = 0281D87C27F0788800CDC3C1 /* PBXContainerItemProxy */;
		};
/* End PBXTargetDependency section */

/* Begin XCBuildConfiguration section */
		02087FA027E762A30027B8B8 /* Debug */ = {
			isa = XCBuildConfiguration;
			buildSettings = {
				ALWAYS_SEARCH_USER_PATHS = NO;
				CLANG_ANALYZER_NONNULL = YES;
				CLANG_ANALYZER_NUMBER_OBJECT_CONVERSION = YES_AGGRESSIVE;
				CLANG_CXX_LANGUAGE_STANDARD = "gnu++17";
				CLANG_ENABLE_MODULES = YES;
				CLANG_ENABLE_OBJC_ARC = YES;
				CLANG_ENABLE_OBJC_WEAK = YES;
				CLANG_WARN_BLOCK_CAPTURE_AUTORELEASING = YES;
				CLANG_WARN_BOOL_CONVERSION = YES;
				CLANG_WARN_COMMA = YES;
				CLANG_WARN_CONSTANT_CONVERSION = YES;
				CLANG_WARN_DEPRECATED_OBJC_IMPLEMENTATIONS = YES;
				CLANG_WARN_DIRECT_OBJC_ISA_USAGE = YES_ERROR;
				CLANG_WARN_DOCUMENTATION_COMMENTS = YES;
				CLANG_WARN_EMPTY_BODY = YES;
				CLANG_WARN_ENUM_CONVERSION = YES;
				CLANG_WARN_INFINITE_RECURSION = YES;
				CLANG_WARN_INT_CONVERSION = YES;
				CLANG_WARN_NON_LITERAL_NULL_CONVERSION = YES;
				CLANG_WARN_OBJC_IMPLICIT_RETAIN_SELF = YES;
				CLANG_WARN_OBJC_LITERAL_CONVERSION = YES;
				CLANG_WARN_OBJC_ROOT_CLASS = YES_ERROR;
				CLANG_WARN_QUOTED_INCLUDE_IN_FRAMEWORK_HEADER = YES;
				CLANG_WARN_RANGE_LOOP_ANALYSIS = YES;
				CLANG_WARN_STRICT_PROTOTYPES = YES;
				CLANG_WARN_SUSPICIOUS_MOVE = YES;
				CLANG_WARN_UNGUARDED_AVAILABILITY = YES_AGGRESSIVE;
				CLANG_WARN_UNREACHABLE_CODE = YES;
				CLANG_WARN__DUPLICATE_METHOD_MATCH = YES;
				COPY_PHASE_STRIP = NO;
				DEBUG_INFORMATION_FORMAT = dwarf;
				ENABLE_STRICT_OBJC_MSGSEND = YES;
				ENABLE_TESTABILITY = YES;
				GCC_C_LANGUAGE_STANDARD = gnu11;
				GCC_DYNAMIC_NO_PIC = NO;
				GCC_NO_COMMON_BLOCKS = YES;
				GCC_OPTIMIZATION_LEVEL = 0;
				GCC_PREPROCESSOR_DEFINITIONS = (
					"DEBUG=1",
					"$(inherited)",
				);
				GCC_WARN_64_TO_32_BIT_CONVERSION = YES;
				GCC_WARN_ABOUT_RETURN_TYPE = YES_ERROR;
				GCC_WARN_UNDECLARED_SELECTOR = YES;
				GCC_WARN_UNINITIALIZED_AUTOS = YES_AGGRESSIVE;
				GCC_WARN_UNUSED_FUNCTION = YES;
				GCC_WARN_UNUSED_VARIABLE = YES;
				MTL_ENABLE_DEBUG_INFO = INCLUDE_SOURCE;
				MTL_FAST_MATH = YES;
				ONLY_ACTIVE_ARCH = YES;
				SWIFT_ACTIVE_COMPILATION_CONDITIONS = DEBUG;
				SWIFT_OPTIMIZATION_LEVEL = "-Onone";
			};
			name = Debug;
		};
		02087FA127E762A30027B8B8 /* Release */ = {
			isa = XCBuildConfiguration;
			buildSettings = {
				ALWAYS_SEARCH_USER_PATHS = NO;
				CLANG_ANALYZER_NONNULL = YES;
				CLANG_ANALYZER_NUMBER_OBJECT_CONVERSION = YES_AGGRESSIVE;
				CLANG_CXX_LANGUAGE_STANDARD = "gnu++17";
				CLANG_ENABLE_MODULES = YES;
				CLANG_ENABLE_OBJC_ARC = YES;
				CLANG_ENABLE_OBJC_WEAK = YES;
				CLANG_WARN_BLOCK_CAPTURE_AUTORELEASING = YES;
				CLANG_WARN_BOOL_CONVERSION = YES;
				CLANG_WARN_COMMA = YES;
				CLANG_WARN_CONSTANT_CONVERSION = YES;
				CLANG_WARN_DEPRECATED_OBJC_IMPLEMENTATIONS = YES;
				CLANG_WARN_DIRECT_OBJC_ISA_USAGE = YES_ERROR;
				CLANG_WARN_DOCUMENTATION_COMMENTS = YES;
				CLANG_WARN_EMPTY_BODY = YES;
				CLANG_WARN_ENUM_CONVERSION = YES;
				CLANG_WARN_INFINITE_RECURSION = YES;
				CLANG_WARN_INT_CONVERSION = YES;
				CLANG_WARN_NON_LITERAL_NULL_CONVERSION = YES;
				CLANG_WARN_OBJC_IMPLICIT_RETAIN_SELF = YES;
				CLANG_WARN_OBJC_LITERAL_CONVERSION = YES;
				CLANG_WARN_OBJC_ROOT_CLASS = YES_ERROR;
				CLANG_WARN_QUOTED_INCLUDE_IN_FRAMEWORK_HEADER = YES;
				CLANG_WARN_RANGE_LOOP_ANALYSIS = YES;
				CLANG_WARN_STRICT_PROTOTYPES = YES;
				CLANG_WARN_SUSPICIOUS_MOVE = YES;
				CLANG_WARN_UNGUARDED_AVAILABILITY = YES_AGGRESSIVE;
				CLANG_WARN_UNREACHABLE_CODE = YES;
				CLANG_WARN__DUPLICATE_METHOD_MATCH = YES;
				COPY_PHASE_STRIP = NO;
				DEBUG_INFORMATION_FORMAT = "dwarf-with-dsym";
				ENABLE_NS_ASSERTIONS = NO;
				ENABLE_STRICT_OBJC_MSGSEND = YES;
				GCC_C_LANGUAGE_STANDARD = gnu11;
				GCC_NO_COMMON_BLOCKS = YES;
				GCC_WARN_64_TO_32_BIT_CONVERSION = YES;
				GCC_WARN_ABOUT_RETURN_TYPE = YES_ERROR;
				GCC_WARN_UNDECLARED_SELECTOR = YES;
				GCC_WARN_UNINITIALIZED_AUTOS = YES_AGGRESSIVE;
				GCC_WARN_UNUSED_FUNCTION = YES;
				GCC_WARN_UNUSED_VARIABLE = YES;
				MTL_ENABLE_DEBUG_INFO = NO;
				MTL_FAST_MATH = YES;
				SWIFT_COMPILATION_MODE = wholemodule;
				SWIFT_OPTIMIZATION_LEVEL = "-O";
			};
			name = Release;
		};
		02087FA327E762A30027B8B8 /* Debug */ = {
			isa = XCBuildConfiguration;
			buildSettings = {
				ALWAYS_EMBED_SWIFT_STANDARD_LIBRARIES = YES;
				ASSETCATALOG_COMPILER_APPICON_NAME = AppIcon;
				ASSETCATALOG_COMPILER_GLOBAL_ACCENT_COLOR_NAME = AccentColor;
				CODE_SIGN_STYLE = Automatic;
				CURRENT_PROJECT_VERSION = 1;
				DEVELOPMENT_TEAM = BJY4B596D6;
				ENABLE_PREVIEWS = YES;
				GENERATE_INFOPLIST_FILE = YES;
				INFOPLIST_KEY_UIApplicationSceneManifest_Generation = YES;
				INFOPLIST_KEY_UIApplicationSupportsIndirectInputEvents = YES;
				INFOPLIST_KEY_UILaunchScreen_Generation = YES;
				INFOPLIST_KEY_UISupportedInterfaceOrientations_iPad = "UIInterfaceOrientationPortrait UIInterfaceOrientationPortraitUpsideDown UIInterfaceOrientationLandscapeLeft UIInterfaceOrientationLandscapeRight";
				INFOPLIST_KEY_UISupportedInterfaceOrientations_iPhone = "UIInterfaceOrientationPortrait UIInterfaceOrientationLandscapeLeft UIInterfaceOrientationLandscapeRight";
				IPHONEOS_DEPLOYMENT_TARGET = 15.4;
				LD_RUNPATH_SEARCH_PATHS = (
					"$(inherited)",
					"@executable_path/Frameworks",
				);
				MARKETING_VERSION = 1.0;
				PRODUCT_BUNDLE_IDENTIFIER = com.umayanga.ApeTracker;
				PRODUCT_NAME = $APE;
				SDKROOT = iphoneos;
				SWIFT_EMIT_LOC_STRINGS = YES;
				SWIFT_VERSION = 5.0;
				TARGETED_DEVICE_FAMILY = "1,2";
			};
			name = Debug;
		};
		02087FA427E762A30027B8B8 /* Release */ = {
			isa = XCBuildConfiguration;
			buildSettings = {
				ALWAYS_EMBED_SWIFT_STANDARD_LIBRARIES = YES;
				ASSETCATALOG_COMPILER_APPICON_NAME = AppIcon;
				ASSETCATALOG_COMPILER_GLOBAL_ACCENT_COLOR_NAME = AccentColor;
				CODE_SIGN_STYLE = Automatic;
				CURRENT_PROJECT_VERSION = 1;
				DEVELOPMENT_TEAM = BJY4B596D6;
				ENABLE_PREVIEWS = YES;
				GENERATE_INFOPLIST_FILE = YES;
				INFOPLIST_KEY_UIApplicationSceneManifest_Generation = YES;
				INFOPLIST_KEY_UIApplicationSupportsIndirectInputEvents = YES;
				INFOPLIST_KEY_UILaunchScreen_Generation = YES;
				INFOPLIST_KEY_UISupportedInterfaceOrientations_iPad = "UIInterfaceOrientationPortrait UIInterfaceOrientationPortraitUpsideDown UIInterfaceOrientationLandscapeLeft UIInterfaceOrientationLandscapeRight";
				INFOPLIST_KEY_UISupportedInterfaceOrientations_iPhone = "UIInterfaceOrientationPortrait UIInterfaceOrientationLandscapeLeft UIInterfaceOrientationLandscapeRight";
				IPHONEOS_DEPLOYMENT_TARGET = 15.4;
				LD_RUNPATH_SEARCH_PATHS = (
					"$(inherited)",
					"@executable_path/Frameworks",
				);
				MARKETING_VERSION = 1.0;
				PRODUCT_BUNDLE_IDENTIFIER = com.umayanga.ApeTracker;
				PRODUCT_NAME = $APE;
				SDKROOT = iphoneos;
				SWIFT_EMIT_LOC_STRINGS = YES;
				SWIFT_VERSION = 5.0;
				TARGETED_DEVICE_FAMILY = "1,2";
				VALIDATE_PRODUCT = YES;
			};
			name = Release;
		};
		02087FA627E762A30027B8B8 /* Debug */ = {
			isa = XCBuildConfiguration;
			buildSettings = {
				ASSETCATALOG_COMPILER_APPICON_NAME = AppIcon;
				ASSETCATALOG_COMPILER_GLOBAL_ACCENT_COLOR_NAME = AccentColor;
				CODE_SIGN_ENTITLEMENTS = macOS/macOS.entitlements;
				CODE_SIGN_STYLE = Automatic;
				COMBINE_HIDPI_IMAGES = YES;
				CURRENT_PROJECT_VERSION = 1;
				DEVELOPMENT_TEAM = BJY4B596D6;
				ENABLE_HARDENED_RUNTIME = YES;
				ENABLE_PREVIEWS = YES;
				GENERATE_INFOPLIST_FILE = YES;
				INFOPLIST_KEY_NSHumanReadableCopyright = "";
				LD_RUNPATH_SEARCH_PATHS = (
					"$(inherited)",
					"@executable_path/../Frameworks",
				);
				MACOSX_DEPLOYMENT_TARGET = 12.3;
				MARKETING_VERSION = 1.0;
				PRODUCT_BUNDLE_IDENTIFIER = com.umayanga.CoinTracker;
				PRODUCT_NAME = CoinTracker;
				SDKROOT = macosx;
				SWIFT_EMIT_LOC_STRINGS = YES;
				SWIFT_VERSION = 5.0;
			};
			name = Debug;
		};
		02087FA727E762A30027B8B8 /* Release */ = {
			isa = XCBuildConfiguration;
			buildSettings = {
				ASSETCATALOG_COMPILER_APPICON_NAME = AppIcon;
				ASSETCATALOG_COMPILER_GLOBAL_ACCENT_COLOR_NAME = AccentColor;
				CODE_SIGN_ENTITLEMENTS = macOS/macOS.entitlements;
				CODE_SIGN_STYLE = Automatic;
				COMBINE_HIDPI_IMAGES = YES;
				CURRENT_PROJECT_VERSION = 1;
				DEVELOPMENT_TEAM = BJY4B596D6;
				ENABLE_HARDENED_RUNTIME = YES;
				ENABLE_PREVIEWS = YES;
				GENERATE_INFOPLIST_FILE = YES;
				INFOPLIST_KEY_NSHumanReadableCopyright = "";
				LD_RUNPATH_SEARCH_PATHS = (
					"$(inherited)",
					"@executable_path/../Frameworks",
				);
				MACOSX_DEPLOYMENT_TARGET = 12.3;
				MARKETING_VERSION = 1.0;
				PRODUCT_BUNDLE_IDENTIFIER = com.umayanga.CoinTracker;
				PRODUCT_NAME = CoinTracker;
				SDKROOT = macosx;
				SWIFT_EMIT_LOC_STRINGS = YES;
				SWIFT_VERSION = 5.0;
			};
			name = Release;
		};
		0281D88027F0788800CDC3C1 /* Debug */ = {
			isa = XCBuildConfiguration;
			buildSettings = {
				ASSETCATALOG_COMPILER_GLOBAL_ACCENT_COLOR_NAME = AccentColor;
				ASSETCATALOG_COMPILER_WIDGET_BACKGROUND_COLOR_NAME = WidgetBackground;
				CODE_SIGN_STYLE = Automatic;
				CURRENT_PROJECT_VERSION = 1;
				DEVELOPMENT_TEAM = BJY4B596D6;
				GENERATE_INFOPLIST_FILE = YES;
				INFOPLIST_FILE = CurrentPriceWidget/Info.plist;
				INFOPLIST_KEY_CFBundleDisplayName = CurrentPriceWidget;
				INFOPLIST_KEY_NSHumanReadableCopyright = "";
				IPHONEOS_DEPLOYMENT_TARGET = 15.4;
				LD_RUNPATH_SEARCH_PATHS = (
					"$(inherited)",
					"@executable_path/Frameworks",
					"@executable_path/../../Frameworks",
				);
				MARKETING_VERSION = 1.0;
				PRODUCT_BUNDLE_IDENTIFIER = com.umayanga.ApeTracker.CurrentPriceWidget;
				PRODUCT_NAME = "$(TARGET_NAME)";
				SDKROOT = iphoneos;
				SKIP_INSTALL = YES;
				SWIFT_EMIT_LOC_STRINGS = YES;
				SWIFT_VERSION = 5.0;
				TARGETED_DEVICE_FAMILY = "1,2";
			};
			name = Debug;
		};
		0281D88127F0788800CDC3C1 /* Release */ = {
			isa = XCBuildConfiguration;
			buildSettings = {
				ASSETCATALOG_COMPILER_GLOBAL_ACCENT_COLOR_NAME = AccentColor;
				ASSETCATALOG_COMPILER_WIDGET_BACKGROUND_COLOR_NAME = WidgetBackground;
				CODE_SIGN_STYLE = Automatic;
				CURRENT_PROJECT_VERSION = 1;
				DEVELOPMENT_TEAM = BJY4B596D6;
				GENERATE_INFOPLIST_FILE = YES;
				INFOPLIST_FILE = CurrentPriceWidget/Info.plist;
				INFOPLIST_KEY_CFBundleDisplayName = CurrentPriceWidget;
				INFOPLIST_KEY_NSHumanReadableCopyright = "";
				IPHONEOS_DEPLOYMENT_TARGET = 15.4;
				LD_RUNPATH_SEARCH_PATHS = (
					"$(inherited)",
					"@executable_path/Frameworks",
					"@executable_path/../../Frameworks",
				);
				MARKETING_VERSION = 1.0;
				PRODUCT_BUNDLE_IDENTIFIER = com.umayanga.ApeTracker.CurrentPriceWidget;
				PRODUCT_NAME = "$(TARGET_NAME)";
				SDKROOT = iphoneos;
				SKIP_INSTALL = YES;
				SWIFT_EMIT_LOC_STRINGS = YES;
				SWIFT_VERSION = 5.0;
				TARGETED_DEVICE_FAMILY = "1,2";
				VALIDATE_PRODUCT = YES;
			};
			name = Release;
		};
/* End XCBuildConfiguration section */

/* Begin XCConfigurationList section */
		02087F8827E762A00027B8B8 /* Build configuration list for PBXProject "ApeTracker" */ = {
			isa = XCConfigurationList;
			buildConfigurations = (
				02087FA027E762A30027B8B8 /* Debug */,
				02087FA127E762A30027B8B8 /* Release */,
			);
			defaultConfigurationIsVisible = 0;
			defaultConfigurationName = Release;
		};
		02087FA227E762A30027B8B8 /* Build configuration list for PBXNativeTarget "CoinTracker (iOS)" */ = {
			isa = XCConfigurationList;
			buildConfigurations = (
				02087FA327E762A30027B8B8 /* Debug */,
				02087FA427E762A30027B8B8 /* Release */,
			);
			defaultConfigurationIsVisible = 0;
			defaultConfigurationName = Release;
		};
		02087FA527E762A30027B8B8 /* Build configuration list for PBXNativeTarget "CoinTracker (macOS)" */ = {
			isa = XCConfigurationList;
			buildConfigurations = (
				02087FA627E762A30027B8B8 /* Debug */,
				02087FA727E762A30027B8B8 /* Release */,
			);
			defaultConfigurationIsVisible = 0;
			defaultConfigurationName = Release;
		};
		0281D88227F0788800CDC3C1 /* Build configuration list for PBXNativeTarget "CurrentPriceWidgetExtension" */ = {
			isa = XCConfigurationList;
			buildConfigurations = (
				0281D88027F0788800CDC3C1 /* Debug */,
				0281D88127F0788800CDC3C1 /* Release */,
			);
			defaultConfigurationIsVisible = 0;
			defaultConfigurationName = Release;
		};
/* End XCConfigurationList section */
	};
	rootObject = 02087F8527E762A00027B8B8 /* Project object */;
}
